
Microsoft Visual Studio Solution File, Format Version 12.00
# Visual Studio 15
VisualStudioVersion = 15.0.27130.2010
MinimumVisualStudioVersion = 10.0.40219.1
Project("{9A19103F-16F7-4668-BE54-9A1E7A4F7556}") = "NetCoreRpc", "NetCoreRpc\NetCoreRpc.csproj", "{F0895603-9025-460C-B839-87288D694D76}"
EndProject
Project("{9A19103F-16F7-4668-BE54-9A1E7A4F7556}") = "NetCoreRpc.ServerTest", "NetCoreRpc.ServerTest\NetCoreRpc.ServerTest.csproj", "{0D15A2C5-391F-41E6-9C25-289F0A09A530}"
EndProject
Project("{9A19103F-16F7-4668-BE54-9A1E7A4F7556}") = "NetCoreRpc.Application", "NetCoreRpc.Application\NetCoreRpc.Application.csproj", "{6C180A0D-149F-4382-8DC0-D766319EF2D9}"
EndProject
Project("{2150E333-8FDC-42A3-9474-1A3956D46DE8}") = "Examples", "Examples", "{FA05D8C1-3F1D-4468-8199-95285B509253}"
EndProject
Project("{9A19103F-16F7-4668-BE54-9A1E7A4F7556}") = "NetCoreRpc.ClientTest", "NetCoreRpc.ClientTest\NetCoreRpc.ClientTest.csproj", "{D4A2C102-06D6-4D3A-9545-8ECAB2A7E228}"
EndProject
Project("{FAE04EC0-301F-11D3-BF4B-00C04F79EFBC}") = "NRpc", "NRpc\NRpc.csproj", "{F435A05C-F993-46D6-AAF8-FE9204C6F239}"
EndProject
Project("{FAE04EC0-301F-11D3-BF4B-00C04F79EFBC}") = "NRpc.ClientTest", "NRpc.ClientTest\NRpc.ClientTest.csproj", "{3552544D-55EB-4335-AF2C-035EC98FF0BC}"
EndProject
Project("{FAE04EC0-301F-11D3-BF4B-00C04F79EFBC}") = "NRpc.ServerTest", "NRpc.ServerTest\NRpc.ServerTest.csproj", "{E64BA672-A6E4-408A-8ADA-6CCC6813707E}"
EndProject
Project("{FAE04EC0-301F-11D3-BF4B-00C04F79EFBC}") = "NRpc.Serializer", "NRpc.Serializer\NRpc.Serializer.csproj", "{196BD708-B065-47F6-ACD6-A50730A392CB}"
EndProject
Project("{FAE04EC0-301F-11D3-BF4B-00C04F79EFBC}") = "NRpcSerializer", "NRpcSerializer\NRpcSerializer.csproj", "{50C92669-0031-4CF8-ADAD-9D0324EC175A}"
EndProject
Project("{FAE04EC0-301F-11D3-BF4B-00C04F79EFBC}") = "NRpcSerializer.Test", "NRpcSerializer.Test\NRpcSerializer.Test.csproj", "{2A46ADEA-09DE-43C5-9FFF-C0B1947ACB8A}"
EndProject
Global
	GlobalSection(SolutionConfigurationPlatforms) = preSolution
		Debug|Any CPU = Debug|Any CPU
		Release|Any CPU = Release|Any CPU
	EndGlobalSection
	GlobalSection(ProjectConfigurationPlatforms) = postSolution
		{F0895603-9025-460C-B839-87288D694D76}.Debug|Any CPU.ActiveCfg = Debug|Any CPU
		{F0895603-9025-460C-B839-87288D694D76}.Debug|Any CPU.Build.0 = Debug|Any CPU
		{F0895603-9025-460C-B839-87288D694D76}.Release|Any CPU.ActiveCfg = Release|Any CPU
		{F0895603-9025-460C-B839-87288D694D76}.Release|Any CPU.Build.0 = Release|Any CPU
		{0D15A2C5-391F-41E6-9C25-289F0A09A530}.Debug|Any CPU.ActiveCfg = Debug|Any CPU
		{0D15A2C5-391F-41E6-9C25-289F0A09A530}.Debug|Any CPU.Build.0 = Debug|Any CPU
		{0D15A2C5-391F-41E6-9C25-289F0A09A530}.Release|Any CPU.ActiveCfg = Release|Any CPU
		{0D15A2C5-391F-41E6-9C25-289F0A09A530}.Release|Any CPU.Build.0 = Release|Any CPU
		{6C180A0D-149F-4382-8DC0-D766319EF2D9}.Debug|Any CPU.ActiveCfg = Debug|Any CPU
		{6C180A0D-149F-4382-8DC0-D766319EF2D9}.Debug|Any CPU.Build.0 = Debug|Any CPU
		{6C180A0D-149F-4382-8DC0-D766319EF2D9}.Release|Any CPU.ActiveCfg = Release|Any CPU
		{6C180A0D-149F-4382-8DC0-D766319EF2D9}.Release|Any CPU.Build.0 = Release|Any CPU
		{D4A2C102-06D6-4D3A-9545-8ECAB2A7E228}.Debug|Any CPU.ActiveCfg = Debug|Any CPU
		{D4A2C102-06D6-4D3A-9545-8ECAB2A7E228}.Debug|Any CPU.Build.0 = Debug|Any CPU
		{D4A2C102-06D6-4D3A-9545-8ECAB2A7E228}.Release|Any CPU.ActiveCfg = Release|Any CPU
		{D4A2C102-06D6-4D3A-9545-8ECAB2A7E228}.Release|Any CPU.Build.0 = Release|Any CPU
		{F435A05C-F993-46D6-AAF8-FE9204C6F239}.Debug|Any CPU.ActiveCfg = Debug|Any CPU
		{F435A05C-F993-46D6-AAF8-FE9204C6F239}.Debug|Any CPU.Build.0 = Debug|Any CPU
		{F435A05C-F993-46D6-AAF8-FE9204C6F239}.Release|Any CPU.ActiveCfg = Release|Any CPU
		{F435A05C-F993-46D6-AAF8-FE9204C6F239}.Release|Any CPU.Build.0 = Release|Any CPU
		{3552544D-55EB-4335-AF2C-035EC98FF0BC}.Debug|Any CPU.ActiveCfg = Debug|Any CPU
		{3552544D-55EB-4335-AF2C-035EC98FF0BC}.Debug|Any CPU.Build.0 = Debug|Any CPU
		{3552544D-55EB-4335-AF2C-035EC98FF0BC}.Release|Any CPU.ActiveCfg = Release|Any CPU
		{3552544D-55EB-4335-AF2C-035EC98FF0BC}.Release|Any CPU.Build.0 = Release|Any CPU
		{E64BA672-A6E4-408A-8ADA-6CCC6813707E}.Debug|Any CPU.ActiveCfg = Debug|Any CPU
		{E64BA672-A6E4-408A-8ADA-6CCC6813707E}.Debug|Any CPU.Build.0 = Debug|Any CPU
		{E64BA672-A6E4-408A-8ADA-6CCC6813707E}.Release|Any CPU.ActiveCfg = Release|Any CPU
		{E64BA672-A6E4-408A-8ADA-6CCC6813707E}.Release|Any CPU.Build.0 = Release|Any CPU
		{196BD708-B065-47F6-ACD6-A50730A392CB}.Debug|Any CPU.ActiveCfg = Debug|Any CPU
		{196BD708-B065-47F6-ACD6-A50730A392CB}.Debug|Any CPU.Build.0 = Debug|Any CPU
		{196BD708-B065-47F6-ACD6-A50730A392CB}.Release|Any CPU.ActiveCfg = Release|Any CPU
		{196BD708-B065-47F6-ACD6-A50730A392CB}.Release|Any CPU.Build.0 = Release|Any CPU
		{50C92669-0031-4CF8-ADAD-9D0324EC175A}.Debug|Any CPU.ActiveCfg = Debug|Any CPU
		{50C92669-0031-4CF8-ADAD-9D0324EC175A}.Debug|Any CPU.Build.0 = Debug|Any CPU
		{50C92669-0031-4CF8-ADAD-9D0324EC175A}.Release|Any CPU.ActiveCfg = Release|Any CPU
		{50C92669-0031-4CF8-ADAD-9D0324EC175A}.Release|Any CPU.Build.0 = Release|Any CPU
		{2A46ADEA-09DE-43C5-9FFF-C0B1947ACB8A}.Debug|Any CPU.ActiveCfg = Debug|Any CPU
		{2A46ADEA-09DE-43C5-9FFF-C0B1947ACB8A}.Debug|Any CPU.Build.0 = Debug|Any CPU
		{2A46ADEA-09DE-43C5-9FFF-C0B1947ACB8A}.Release|Any CPU.ActiveCfg = Release|Any CPU
		{2A46ADEA-09DE-43C5-9FFF-C0B1947ACB8A}.Release|Any CPU.Build.0 = Release|Any CPU
	EndGlobalSection
	GlobalSection(SolutionProperties) = preSolution
		HideSolutionNode = FALSE
	EndGlobalSection
	GlobalSection(NestedProjects) = preSolution
		{0D15A2C5-391F-41E6-9C25-289F0A09A530} = {FA05D8C1-3F1D-4468-8199-95285B509253}
		{6C180A0D-149F-4382-8DC0-D766319EF2D9} = {FA05D8C1-3F1D-4468-8199-95285B509253}
		{D4A2C102-06D6-4D3A-9545-8ECAB2A7E228} = {FA05D8C1-3F1D-4468-8199-95285B509253}
		{3552544D-55EB-4335-AF2C-035EC98FF0BC} = {FA05D8C1-3F1D-4468-8199-95285B509253}
		{E64BA672-A6E4-408A-8ADA-6CCC6813707E} = {FA05D8C1-3F1D-4468-8199-95285B509253}
		{196BD708-B065-47F6-ACD6-A50730A392CB} = {FA05D8C1-3F1D-4468-8199-95285B509253}
	EndGlobalSection
	GlobalSection(ExtensibilityGlobals) = postSolution
		SolutionGuid = {F9C79A69-04A3-48DD-8B1B-57DA09EBD97B}
	EndGlobalSection
EndGlobal
